
Microsoft Visual Studio Solution File, Format Version 12.00
# Visual Studio 14
VisualStudioVersion = 14.0.24720.0
MinimumVisualStudioVersion = 10.0.40219.1
Project("{FAE04EC0-301F-11D3-BF4B-00C04F79EFBC}") = "Autofactory.CoreClr", "Autofactory.CoreClr\Autofactory.CoreClr\Autofactory.CoreClr.csproj", "{F0E1039A-7E99-4E98-BF45-2989E0571FDE}"
EndProject
Project("{FAE04EC0-301F-11D3-BF4B-00C04F79EFBC}") = "Autofactory.CoreClr.Tests", "Autofactory.CoreClr\Test\Autofactory.CoreClr.Tests.csproj", "{79153923-E554-43A4-B296-A91972C77B8C}"
EndProject
Project("{2150E333-8FDC-42A3-9474-1A3956D46DE8}") = "Solution Items", "Solution Items", "{8C1839A4-E9E8-47D9-8B3F-205F63CD97D0}"
	ProjectSection(SolutionItems) = preProject
		..\Autofactory\global.json = ..\Autofactory\global.json
		global.json = global.json
	EndProjectSection
EndProject
Project("{8BB2217D-0F2D-49D1-97BC-3654ED321F3B}") = "Autofactory.Tests", "Autofactory.Tests\Autofactory.Tests.xproj", "{4024D197-8FBE-4A26-9701-11C7D71D64FB}"
EndProject
Project("{8BB2217D-0F2D-49D1-97BC-3654ED321F3B}") = "Autofactory", "Autofactory\Autofactory.xproj", "{750493BB-021F-4C2B-BD01-6A9ED8C1DC3B}"
EndProject
Global
	GlobalSection(SolutionConfigurationPlatforms) = preSolution
		Debug|Any CPU = Debug|Any CPU
		Debug|ARM = Debug|ARM
		Debug|x64 = Debug|x64
		Debug|x86 = Debug|x86
		Release|Any CPU = Release|Any CPU
		Release|ARM = Release|ARM
		Release|x64 = Release|x64
		Release|x86 = Release|x86
	EndGlobalSection
	GlobalSection(ProjectConfigurationPlatforms) = postSolution
		{F0E1039A-7E99-4E98-BF45-2989E0571FDE}.Debug|Any CPU.ActiveCfg = Debug|Any CPU
		{F0E1039A-7E99-4E98-BF45-2989E0571FDE}.Debug|Any CPU.Build.0 = Debug|Any CPU
		{F0E1039A-7E99-4E98-BF45-2989E0571FDE}.Debug|ARM.ActiveCfg = Debug|Any CPU
		{F0E1039A-7E99-4E98-BF45-2989E0571FDE}.Debug|ARM.Build.0 = Debug|Any CPU
		{F0E1039A-7E99-4E98-BF45-2989E0571FDE}.Debug|x64.ActiveCfg = Debug|Any CPU
		{F0E1039A-7E99-4E98-BF45-2989E0571FDE}.Debug|x64.Build.0 = Debug|Any CPU
		{F0E1039A-7E99-4E98-BF45-2989E0571FDE}.Debug|x86.ActiveCfg = Debug|Any CPU
		{F0E1039A-7E99-4E98-BF45-2989E0571FDE}.Debug|x86.Build.0 = Debug|Any CPU
		{F0E1039A-7E99-4E98-BF45-2989E0571FDE}.Release|Any CPU.ActiveCfg = Release|Any CPU
		{F0E1039A-7E99-4E98-BF45-2989E0571FDE}.Release|Any CPU.Build.0 = Release|Any CPU
		{F0E1039A-7E99-4E98-BF45-2989E0571FDE}.Release|ARM.ActiveCfg = Release|Any CPU
		{F0E1039A-7E99-4E98-BF45-2989E0571FDE}.Release|ARM.Build.0 = Release|Any CPU
		{F0E1039A-7E99-4E98-BF45-2989E0571FDE}.Release|x64.ActiveCfg = Release|Any CPU
		{F0E1039A-7E99-4E98-BF45-2989E0571FDE}.Release|x64.Build.0 = Release|Any CPU
		{F0E1039A-7E99-4E98-BF45-2989E0571FDE}.Release|x86.ActiveCfg = Release|Any CPU
		{F0E1039A-7E99-4E98-BF45-2989E0571FDE}.Release|x86.Build.0 = Release|Any CPU
		{79153923-E554-43A4-B296-A91972C77B8C}.Debug|Any CPU.ActiveCfg = Debug|x86
		{79153923-E554-43A4-B296-A91972C77B8C}.Debug|ARM.ActiveCfg = Debug|ARM
		{79153923-E554-43A4-B296-A91972C77B8C}.Debug|ARM.Build.0 = Debug|ARM
		{79153923-E554-43A4-B296-A91972C77B8C}.Debug|ARM.Deploy.0 = Debug|ARM
		{79153923-E554-43A4-B296-A91972C77B8C}.Debug|x64.ActiveCfg = Debug|x64
		{79153923-E554-43A4-B296-A91972C77B8C}.Debug|x64.Build.0 = Debug|x64
		{79153923-E554-43A4-B296-A91972C77B8C}.Debug|x64.Deploy.0 = Debug|x64
		{79153923-E554-43A4-B296-A91972C77B8C}.Debug|x86.ActiveCfg = Debug|x86
		{79153923-E554-43A4-B296-A91972C77B8C}.Debug|x86.Build.0 = Debug|x86
		{79153923-E554-43A4-B296-A91972C77B8C}.Debug|x86.Deploy.0 = Debug|x86
		{79153923-E554-43A4-B296-A91972C77B8C}.Release|Any CPU.ActiveCfg = Release|x86
		{79153923-E554-43A4-B296-A91972C77B8C}.Release|ARM.ActiveCfg = Release|ARM
		{79153923-E554-43A4-B296-A91972C77B8C}.Release|ARM.Build.0 = Release|ARM
		{79153923-E554-43A4-B296-A91972C77B8C}.Release|ARM.Deploy.0 = Release|ARM
		{79153923-E554-43A4-B296-A91972C77B8C}.Release|x64.ActiveCfg = Release|x64
		{79153923-E554-43A4-B296-A91972C77B8C}.Release|x64.Build.0 = Release|x64
		{79153923-E554-43A4-B296-A91972C77B8C}.Release|x64.Deploy.0 = Release|x64
		{79153923-E554-43A4-B296-A91972C77B8C}.Release|x86.ActiveCfg = Release|x86
		{79153923-E554-43A4-B296-A91972C77B8C}.Release|x86.Build.0 = Release|x86
		{79153923-E554-43A4-B296-A91972C77B8C}.Release|x86.Deploy.0 = Release|x86
		{4024D197-8FBE-4A26-9701-11C7D71D64FB}.Debug|Any CPU.ActiveCfg = Debug|Any CPU
		{4024D197-8FBE-4A26-9701-11C7D71D64FB}.Debug|Any CPU.Build.0 = Debug|Any CPU
		{4024D197-8FBE-4A26-9701-11C7D71D64FB}.Debug|ARM.ActiveCfg = Debug|Any CPU
		{4024D197-8FBE-4A26-9701-11C7D71D64FB}.Debug|ARM.Build.0 = Debug|Any CPU
		{4024D197-8FBE-4A26-9701-11C7D71D64FB}.Debug|x64.ActiveCfg = Debug|Any CPU
		{4024D197-8FBE-4A26-9701-11C7D71D64FB}.Debug|x64.Build.0 = Debug|Any CPU
		{4024D197-8FBE-4A26-9701-11C7D71D64FB}.Debug|x86.ActiveCfg = Debug|Any CPU
		{4024D197-8FBE-4A26-9701-11C7D71D64FB}.Debug|x86.Build.0 = Debug|Any CPU
		{4024D197-8FBE-4A26-9701-11C7D71D64FB}.Release|Any CPU.ActiveCfg = Release|Any CPU
		{4024D197-8FBE-4A26-9701-11C7D71D64FB}.Release|Any CPU.Build.0 = Release|Any CPU
		{4024D197-8FBE-4A26-9701-11C7D71D64FB}.Release|ARM.ActiveCfg = Release|Any CPU
		{4024D197-8FBE-4A26-9701-11C7D71D64FB}.Release|ARM.Build.0 = Release|Any CPU
		{4024D197-8FBE-4A26-9701-11C7D71D64FB}.Release|x64.ActiveCfg = Release|Any CPU
		{4024D197-8FBE-4A26-9701-11C7D71D64FB}.Release|x64.Build.0 = Release|Any CPU
		{4024D197-8FBE-4A26-9701-11C7D71D64FB}.Release|x86.ActiveCfg = Release|Any CPU
		{4024D197-8FBE-4A26-9701-11C7D71D64FB}.Release|x86.Build.0 = Release|Any CPU
		{750493BB-021F-4C2B-BD01-6A9ED8C1DC3B}.Debug|Any CPU.ActiveCfg = Debug|Any CPU
		{750493BB-021F-4C2B-BD01-6A9ED8C1DC3B}.Debug|Any CPU.Build.0 = Debug|Any CPU
		{750493BB-021F-4C2B-BD01-6A9ED8C1DC3B}.Debug|ARM.ActiveCfg = Debug|Any CPU
		{750493BB-021F-4C2B-BD01-6A9ED8C1DC3B}.Debug|ARM.Build.0 = Debug|Any CPU
		{750493BB-021F-4C2B-BD01-6A9ED8C1DC3B}.Debug|x64.ActiveCfg = Debug|Any CPU
		{750493BB-021F-4C2B-BD01-6A9ED8C1DC3B}.Debug|x64.Build.0 = Debug|Any CPU
		{750493BB-021F-4C2B-BD01-6A9ED8C1DC3B}.Debug|x86.ActiveCfg = Debug|Any CPU
		{750493BB-021F-4C2B-BD01-6A9ED8C1DC3B}.Debug|x86.Build.0 = Debug|Any CPU
		{750493BB-021F-4C2B-BD01-6A9ED8C1DC3B}.Release|Any CPU.ActiveCfg = Release|Any CPU
		{750493BB-021F-4C2B-BD01-6A9ED8C1DC3B}.Release|Any CPU.Build.0 = Release|Any CPU
		{750493BB-021F-4C2B-BD01-6A9ED8C1DC3B}.Release|ARM.ActiveCfg = Release|Any CPU
		{750493BB-021F-4C2B-BD01-6A9ED8C1DC3B}.Release|ARM.Build.0 = Release|Any CPU
		{750493BB-021F-4C2B-BD01-6A9ED8C1DC3B}.Release|x64.ActiveCfg = Release|Any CPU
		{750493BB-021F-4C2B-BD01-6A9ED8C1DC3B}.Release|x64.Build.0 = Release|Any CPU
		{750493BB-021F-4C2B-BD01-6A9ED8C1DC3B}.Release|x86.ActiveCfg = Release|Any CPU
		{750493BB-021F-4C2B-BD01-6A9ED8C1DC3B}.Release|x86.Build.0 = Release|Any CPU
	EndGlobalSection
	GlobalSection(SolutionProperties) = preSolution
		HideSolutionNode = FALSE
	EndGlobalSection
EndGlobal
